
Microsoft Visual Studio Solution File, Format Version 12.00
# Visual Studio Version 17
VisualStudioVersion = 17.9.34622.214
MinimumVisualStudioVersion = 10.0.40219.1
Project("{FAE04EC0-301F-11D3-BF4B-00C04F79EFBC}") = "debraApp", "debraApp\debraApp.csproj", "{954C0538-EFB0-4B4E-8952-EEDE651C51CD}"
EndProject
Global
	GlobalSection(SolutionConfigurationPlatforms) = preSolution
		Debug|Any CPU = Debug|Any CPU
		Release|Any CPU = Release|Any CPU
	EndGlobalSection
	GlobalSection(ProjectConfigurationPlatforms) = postSolution
		{954C0538-EFB0-4B4E-8952-EEDE651C51CD}.Debug|Any CPU.ActiveCfg = Debug|Any CPU
		{954C0538-EFB0-4B4E-8952-EEDE651C51CD}.Debug|Any CPU.Build.0 = Debug|Any CPU
		{954C0538-EFB0-4B4E-8952-EEDE651C51CD}.Release|Any CPU.ActiveCfg = Release|Any CPU
		{954C0538-EFB0-4B4E-8952-EEDE651C51CD}.Release|Any CPU.Build.0 = Release|Any CPU
	EndGlobalSection
	GlobalSection(SolutionProperties) = preSolution
		HideSolutionNode = FALSE
	EndGlobalSection
	GlobalSection(ExtensibilityGlobals) = postSolution
		SolutionGuid = {C229F389-6F06-4189-8D29-F307888345F2}
	EndGlobalSection
EndGlobal
